
Microsoft Visual Studio Solution File, Format Version 12.00
# Visual Studio Version 17
VisualStudioVersion = 17.6.33723.286
MinimumVisualStudioVersion = 10.0.40219.1
Project("{FAE04EC0-301F-11D3-BF4B-00C04F79EFBC}") = "Entities", "Entities\Entities.csproj", "{FDC84624-14D6-44F1-94BF-0731F530CC88}"
EndProject
Project("{FAE04EC0-301F-11D3-BF4B-00C04F79EFBC}") = "DAL", "DAL\DAL.csproj", "{9BE8E51A-4711-4B8C-B3F6-DD7F28DA309B}"
EndProject
Project("{FAE04EC0-301F-11D3-BF4B-00C04F79EFBC}") = "BackEnd", "BackEnd\BackEnd.csproj", "{03683678-1275-4568-BD64-42E6801937E1}"
EndProject
Project("{FAE04EC0-301F-11D3-BF4B-00C04F79EFBC}") = "FrontEnd", "FrontEnd\FrontEnd.csproj", "{06AAF6B9-78FD-4A1C-AB8B-D725A32767B0}"
EndProject
Global
	GlobalSection(SolutionConfigurationPlatforms) = preSolution
		Debug|Any CPU = Debug|Any CPU
		Release|Any CPU = Release|Any CPU
	EndGlobalSection
	GlobalSection(ProjectConfigurationPlatforms) = postSolution
		{FDC84624-14D6-44F1-94BF-0731F530CC88}.Debug|Any CPU.ActiveCfg = Debug|Any CPU
		{FDC84624-14D6-44F1-94BF-0731F530CC88}.Debug|Any CPU.Build.0 = Debug|Any CPU
		{FDC84624-14D6-44F1-94BF-0731F530CC88}.Release|Any CPU.ActiveCfg = Release|Any CPU
		{FDC84624-14D6-44F1-94BF-0731F530CC88}.Release|Any CPU.Build.0 = Release|Any CPU
		{9BE8E51A-4711-4B8C-B3F6-DD7F28DA309B}.Debug|Any CPU.ActiveCfg = Debug|Any CPU
		{9BE8E51A-4711-4B8C-B3F6-DD7F28DA309B}.Debug|Any CPU.Build.0 = Debug|Any CPU
		{9BE8E51A-4711-4B8C-B3F6-DD7F28DA309B}.Release|Any CPU.ActiveCfg = Release|Any CPU
		{9BE8E51A-4711-4B8C-B3F6-DD7F28DA309B}.Release|Any CPU.Build.0 = Release|Any CPU
		{03683678-1275-4568-BD64-42E6801937E1}.Debug|Any CPU.ActiveCfg = Debug|Any CPU
		{03683678-1275-4568-BD64-42E6801937E1}.Debug|Any CPU.Build.0 = Debug|Any CPU
		{03683678-1275-4568-BD64-42E6801937E1}.Release|Any CPU.ActiveCfg = Release|Any CPU
		{03683678-1275-4568-BD64-42E6801937E1}.Release|Any CPU.Build.0 = Release|Any CPU
		{06AAF6B9-78FD-4A1C-AB8B-D725A32767B0}.Debug|Any CPU.ActiveCfg = Debug|Any CPU
		{06AAF6B9-78FD-4A1C-AB8B-D725A32767B0}.Debug|Any CPU.Build.0 = Debug|Any CPU
		{06AAF6B9-78FD-4A1C-AB8B-D725A32767B0}.Release|Any CPU.ActiveCfg = Release|Any CPU
		{06AAF6B9-78FD-4A1C-AB8B-D725A32767B0}.Release|Any CPU.Build.0 = Release|Any CPU
	EndGlobalSection
	GlobalSection(SolutionProperties) = preSolution
		HideSolutionNode = FALSE
	EndGlobalSection
	GlobalSection(ExtensibilityGlobals) = postSolution
		SolutionGuid = {430AC947-0DBC-4F8A-9FCD-FBB6052EB91E}
	EndGlobalSection
EndGlobal
